
Microsoft Visual Studio Solution File, Format Version 12.00
# Visual Studio Version 17
VisualStudioVersion = 17.9.34622.214
MinimumVisualStudioVersion = 10.0.40219.1
Project("{FAE04EC0-301F-11D3-BF4B-00C04F79EFBC}") = "Vjezba_18032024", "Vjezba_18032024\Vjezba_18032024.csproj", "{909FBBFD-E777-4136-8F50-11F24B4FA782}"
EndProject
Global
	GlobalSection(SolutionConfigurationPlatforms) = preSolution
		Debug|Any CPU = Debug|Any CPU
		Release|Any CPU = Release|Any CPU
	EndGlobalSection
	GlobalSection(ProjectConfigurationPlatforms) = postSolution
		{909FBBFD-E777-4136-8F50-11F24B4FA782}.Debug|Any CPU.ActiveCfg = Debug|Any CPU
		{909FBBFD-E777-4136-8F50-11F24B4FA782}.Debug|Any CPU.Build.0 = Debug|Any CPU
		{909FBBFD-E777-4136-8F50-11F24B4FA782}.Release|Any CPU.ActiveCfg = Release|Any CPU
		{909FBBFD-E777-4136-8F50-11F24B4FA782}.Release|Any CPU.Build.0 = Release|Any CPU
	EndGlobalSection
	GlobalSection(SolutionProperties) = preSolution
		HideSolutionNode = FALSE
	EndGlobalSection
	GlobalSection(ExtensibilityGlobals) = postSolution
		SolutionGuid = {515C3906-2C3E-4161-A02B-7DDB90BC9047}
	EndGlobalSection
EndGlobal
